
Microsoft Visual Studio Solution File, Format Version 12.00
# Visual Studio Version 17
VisualStudioVersion = 17.9.34723.18
MinimumVisualStudioVersion = 10.0.40219.1
Project("{FAE04EC0-301F-11D3-BF4B-00C04F79EFBC}") = "coming-soon", "coming-soon\coming-soon.csproj", "{50252A4C-3F0F-4480-944B-1C574FF5FAE1}"
EndProject
Project("{2150E333-8FDC-42A3-9474-1A3956D46DE8}") = "wwwroot", "wwwroot", "{1233AC71-01DF-4C01-8F55-939397D9F6CE}"
	ProjectSection(SolutionItems) = preProject
		coming-soon.html = coming-soon.html
	EndProjectSection
EndProject
Global
	GlobalSection(SolutionConfigurationPlatforms) = preSolution
		Debug|Any CPU = Debug|Any CPU
		Release|Any CPU = Release|Any CPU
	EndGlobalSection
	GlobalSection(ProjectConfigurationPlatforms) = postSolution
		{50252A4C-3F0F-4480-944B-1C574FF5FAE1}.Debug|Any CPU.ActiveCfg = Debug|Any CPU
		{50252A4C-3F0F-4480-944B-1C574FF5FAE1}.Debug|Any CPU.Build.0 = Debug|Any CPU
		{50252A4C-3F0F-4480-944B-1C574FF5FAE1}.Release|Any CPU.ActiveCfg = Release|Any CPU
		{50252A4C-3F0F-4480-944B-1C574FF5FAE1}.Release|Any CPU.Build.0 = Release|Any CPU
	EndGlobalSection
	GlobalSection(SolutionProperties) = preSolution
		HideSolutionNode = FALSE
	EndGlobalSection
	GlobalSection(ExtensibilityGlobals) = postSolution
		SolutionGuid = {B225A36D-A321-47F9-B941-C7D1BE8AA543}
	EndGlobalSection
EndGlobal
